{
    "_readme": [
        "This file locks the dependencies of your project to a known state",
        "Read more about it at https://getcomposer.org/doc/01-basic-usage.md#composer-lock-the-lock-file",
        "This file is @generated automatically"
    ],
    "hash": "4837720e8c7a551ac2c5a52ea80e8375",
    "content-hash": "2dc4ee19e20233edadfc148eba40c8bd",
    "packages": [
        {
            "name": "cocur/slugify",
            "version": "2.3.x-dev",
            "source": {
                "type": "git",
                "url": "https://github.com/cocur/slugify.git",
                "reference": "57a00e06a382928e350cc7bbb13b19f1b8f4e73a"
            },
            "dist": {
                "type": "zip",
                "url": "https://api.github.com/repos/cocur/slugify/zipball/57a00e06a382928e350cc7bbb13b19f1b8f4e73a",
                "reference": "57a00e06a382928e350cc7bbb13b19f1b8f4e73a",
                "shasum": ""
            },
            "require": {
                "php": ">=5.5.9"
            },
            "require-dev": {
                "laravel/framework": "~5.1",
                "latte/latte": "~2.2",
                "league/container": "^2.2.0",
                "mikey179/vfsstream": "~1.6",
                "mockery/mockery": "~0.9",
                "nette/di": "~2.2",
                "phpunit/phpunit": "~4.8|~5.2",
                "pimple/pimple": "~1.1",
                "plumphp/plum": "~0.1",
                "silex/silex": "~1.3",
                "symfony/config": "~2.4|~3.0",
                "symfony/dependency-injection": "~2.4|~3.0",
                "symfony/http-kernel": "~2.4|~3.0",
                "twig/twig": "~1.12",
                "zendframework/zend-modulemanager": "~2.2",
                "zendframework/zend-servicemanager": "~2.2",
                "zendframework/zend-view": "~2.2"
            },
            "type": "library",
            "autoload": {
                "psr-4": {
                    "Cocur\\Slugify\\": "src"
                }
            },
            "notification-url": "https://packagist.org/downloads/",
            "license": [
                "MIT"
            ],
            "authors": [
                {
                    "name": "Ivo Bathke",
                    "email": "ivo.bathke@gmail.com"
                },
                {
                    "name": "Florian Eckerstorfer",
                    "email": "florian@eckerstorfer.co",
                    "homepage": "https://florian.ec"
                }
            ],
            "description": "Converts a string into a slug.",
            "keywords": [
                "slug",
                "slugify"
            ],
            "time": "2016-08-09 20:10:17"
        },
        {
            "name": "cviebrock/eloquent-sluggable",
            "version": "4.0.3",
            "source": {
                "type": "git",
                "url": "https://github.com/cviebrock/eloquent-sluggable.git",
                "reference": "506525bd2d4092f2bda933b65eb42c6ff4818e15"
            },
            "dist": {
                "type": "zip",
                "url": "https://api.github.com/repos/cviebrock/eloquent-sluggable/zipball/506525bd2d4092f2bda933b65eb42c6ff4818e15",
                "reference": "506525bd2d4092f2bda933b65eb42c6ff4818e15",
                "shasum": ""
            },
            "require": {
                "cocur/slugify": "^2.1",
                "illuminate/config": "5.1.* || 5.2.* || 5.3.*",
                "illuminate/database": "5.1.* || 5.2.* || 5.3.*",
                "illuminate/support": "5.1.* || 5.2.* || 5.3.*",
                "php": "^5.5.9 || ^7.0"
            },
            "require-dev": {
                "mockery/mockery": "^0.9.4",
                "orchestra/testbench": "^3.0",
                "phpunit/phpunit": "^4.8 || ^5.0"
            },
            "type": "library",
            "autoload": {
                "psr-4": {
                    "Cviebrock\\EloquentSluggable\\": "src"
                }
            },
            "notification-url": "https://packagist.org/downloads/",
            "license": [
                "MIT"
            ],
            "authors": [
                {
                    "name": "Colin Viebrock",
                    "email": "colin@viebrock.ca"
                }
            ],
            "description": "Easy creation of slugs for your Eloquent models in Laravel",
            "homepage": "https://github.com/cviebrock/eloquent-sluggable",
            "keywords": [
                "eloquent",
                "laravel",
                "slug"
            ],
            "time": "2016-07-15 16:05:39"
        },
        {
            "name": "doctrine/inflector",
            "version": "dev-master",
            "source": {
                "type": "git",
                "url": "https://github.com/doctrine/inflector.git",
                "reference": "803a2ed9fea02f9ca47cd45395089fe78769a392"
            },
            "dist": {
                "type": "zip",
                "url": "https://api.github.com/repos/doctrine/inflector/zipball/803a2ed9fea02f9ca47cd45395089fe78769a392",
                "reference": "803a2ed9fea02f9ca47cd45395089fe78769a392",
                "shasum": ""
            },
            "require": {
                "php": ">=5.3.2"
            },
            "require-dev": {
                "phpunit/phpunit": "4.*"
            },
            "type": "library",
            "extra": {
                "branch-alias": {
                    "dev-master": "1.1.x-dev"
                }
            },
            "autoload": {
                "psr-0": {
                    "Doctrine\\Common\\Inflector\\": "lib/"
                }
            },
            "notification-url": "https://packagist.org/downloads/",
            "license": [
                "MIT"
            ],
            "authors": [
                {
                    "name": "Roman Borschel",
                    "email": "roman@code-factory.org"
                },
                {
                    "name": "Benjamin Eberlei",
                    "email": "kontakt@beberlei.de"
                },
                {
                    "name": "Guilherme Blanco",
                    "email": "guilhermeblanco@gmail.com"
                },
                {
                    "name": "Jonathan Wage",
                    "email": "jonwage@gmail.com"
                },
                {
                    "name": "Johannes Schmitt",
                    "email": "schmittjoh@gmail.com"
                }
            ],
            "description": "Common String Manipulations with regard to casing and singular/plural rules.",
            "homepage": "http://www.doctrine-project.org",
            "keywords": [
                "inflection",
                "pluralize",
                "singularize",
                "string"
            ],
            "time": "2016-05-12 17:23:41"
        },
        {
            "name": "illuminate/config",
            "version": "5.3.x-dev",
            "source": {
                "type": "git",
                "url": "https://github.com/illuminate/config.git",
                "reference": "26df89fa2999754e882890e642b67c6521432057"
            },
            "dist": {
                "type": "zip",
                "url": "https://api.github.com/repos/illuminate/config/zipball/26df89fa2999754e882890e642b67c6521432057",
                "reference": "26df89fa2999754e882890e642b67c6521432057",
                "shasum": ""
            },
            "require": {
                "illuminate/contracts": "5.3.*",
                "illuminate/filesystem": "5.3.*",
                "illuminate/support": "5.3.*",
                "php": ">=5.6.4"
            },
            "type": "library",
            "extra": {
                "branch-alias": {
                    "dev-master": "5.3-dev"
                }
            },
            "autoload": {
                "psr-4": {
                    "Illuminate\\Config\\": ""
                }
            },
            "notification-url": "https://packagist.org/downloads/",
            "license": [
                "MIT"
            ],
            "authors": [
                {
                    "name": "Taylor Otwell",
                    "email": "taylor@laravel.com"
                }
            ],
            "description": "The Illuminate Config package.",
            "homepage": "https://laravel.com",
            "time": "2016-08-05 14:48:10"
        },
        {
            "name": "illuminate/container",
            "version": "5.3.x-dev",
            "source": {
                "type": "git",
                "url": "https://github.com/illuminate/container.git",
                "reference": "360f4900dbaa7e76ecfbb58e0ad4b244a90edfe3"
            },
            "dist": {
                "type": "zip",
                "url": "https://api.github.com/repos/illuminate/container/zipball/360f4900dbaa7e76ecfbb58e0ad4b244a90edfe3",
                "reference": "360f4900dbaa7e76ecfbb58e0ad4b244a90edfe3",
                "shasum": ""
            },
            "require": {
                "illuminate/contracts": "5.3.*",
                "php": ">=5.6.4"
            },
            "type": "library",
            "extra": {
                "branch-alias": {
                    "dev-master": "5.3-dev"
                }
            },
            "autoload": {
                "psr-4": {
                    "Illuminate\\Container\\": ""
                }
            },
            "notification-url": "https://packagist.org/downloads/",
            "license": [
                "MIT"
            ],
            "authors": [
                {
                    "name": "Taylor Otwell",
                    "email": "taylor@laravel.com"
                }
            ],
            "description": "The Illuminate Container package.",
            "homepage": "https://laravel.com",
            "time": "2016-08-05 14:48:10"
        },
        {
            "name": "illuminate/contracts",
            "version": "5.3.x-dev",
            "source": {
                "type": "git",
                "url": "https://github.com/illuminate/contracts.git",
                "reference": "f766fc0452d82d545b866a8ad5860b20ccd50763"
            },
            "dist": {
                "type": "zip",
                "url": "https://api.github.com/repos/illuminate/contracts/zipball/f766fc0452d82d545b866a8ad5860b20ccd50763",
                "reference": "f766fc0452d82d545b866a8ad5860b20ccd50763",
                "shasum": ""
            },
            "require": {
                "php": ">=5.6.4"
            },
            "type": "library",
            "extra": {
                "branch-alias": {
                    "dev-master": "5.3-dev"
                }
            },
            "autoload": {
                "psr-4": {
                    "Illuminate\\Contracts\\": ""
                }
            },
            "notification-url": "https://packagist.org/downloads/",
            "license": [
                "MIT"
            ],
            "authors": [
                {
                    "name": "Taylor Otwell",
                    "email": "taylor@laravel.com"
                }
            ],
            "description": "The Illuminate Contracts package.",
            "homepage": "https://laravel.com",
            "time": "2016-08-21 12:37:00"
        },
        {
            "name": "illuminate/database",
            "version": "5.3.x-dev",
            "source": {
                "type": "git",
                "url": "https://github.com/illuminate/database.git",
                "reference": "d84374839a07998b2ac6cd8973ba3876639f9f26"
            },
            "dist": {
                "type": "zip",
                "url": "https://api.github.com/repos/illuminate/database/zipball/d84374839a07998b2ac6cd8973ba3876639f9f26",
                "reference": "d84374839a07998b2ac6cd8973ba3876639f9f26",
                "shasum": ""
            },
            "require": {
                "illuminate/container": "5.3.*",
                "illuminate/contracts": "5.3.*",
                "illuminate/support": "5.3.*",
                "nesbot/carbon": "~1.20",
                "php": ">=5.6.4"
            },
            "suggest": {
                "doctrine/dbal": "Required to rename columns and drop SQLite columns (~2.4).",
                "fzaninotto/faker": "Required to use the eloquent factory builder (~1.4).",
                "illuminate/console": "Required to use the database commands (5.3.*).",
                "illuminate/events": "Required to use the observers with Eloquent (5.3.*).",
                "illuminate/filesystem": "Required to use the migrations (5.3.*).",
                "illuminate/pagination": "Required to paginate the result set (5.3.*)."
            },
            "type": "library",
            "extra": {
                "branch-alias": {
                    "dev-master": "5.3-dev"
                }
            },
            "autoload": {
                "psr-4": {
                    "Illuminate\\Database\\": ""
                }
            },
            "notification-url": "https://packagist.org/downloads/",
            "license": [
                "MIT"
            ],
            "authors": [
                {
                    "name": "Taylor Otwell",
                    "email": "taylor@laravel.com"
                }
            ],
            "description": "The Illuminate Database package.",
            "homepage": "https://laravel.com",
            "keywords": [
                "database",
                "laravel",
                "orm",
                "sql"
            ],
            "time": "2016-08-29 00:31:53"
        },
        {
            "name": "illuminate/events",
            "version": "5.3.x-dev",
            "source": {
                "type": "git",
                "url": "https://github.com/illuminate/events.git",
                "reference": "cb29124d4eaba8a60bad40e95e3d8b199d040d77"
            },
            "dist": {
                "type": "zip",
                "url": "https://api.github.com/repos/illuminate/events/zipball/cb29124d4eaba8a60bad40e95e3d8b199d040d77",
                "reference": "cb29124d4eaba8a60bad40e95e3d8b199d040d77",
                "shasum": ""
            },
            "require": {
                "illuminate/container": "5.3.*",
                "illuminate/contracts": "5.3.*",
                "illuminate/support": "5.3.*",
                "php": ">=5.6.4"
            },
            "type": "library",
            "extra": {
                "branch-alias": {
                    "dev-master": "5.3-dev"
                }
            },
            "autoload": {
                "psr-4": {
                    "Illuminate\\Events\\": ""
                }
            },
            "notification-url": "https://packagist.org/downloads/",
            "license": [
                "MIT"
            ],
            "authors": [
                {
                    "name": "Taylor Otwell",
                    "email": "taylor@laravel.com"
                }
            ],
            "description": "The Illuminate Events package.",
            "homepage": "https://laravel.com",
            "time": "2016-08-12 14:24:30"
        },
        {
            "name": "illuminate/filesystem",
            "version": "5.3.x-dev",
            "source": {
                "type": "git",
                "url": "https://github.com/illuminate/filesystem.git",
                "reference": "72da79358499a38b437ff4b0e42f909660555298"
            },
            "dist": {
                "type": "zip",
                "url": "https://api.github.com/repos/illuminate/filesystem/zipball/72da79358499a38b437ff4b0e42f909660555298",
                "reference": "72da79358499a38b437ff4b0e42f909660555298",
                "shasum": ""
            },
            "require": {
                "illuminate/contracts": "5.3.*",
                "illuminate/support": "5.3.*",
                "php": ">=5.6.4",
                "symfony/finder": "3.1.*"
            },
            "suggest": {
                "league/flysystem": "Required to use the Flysystem local and FTP drivers (~1.0).",
                "league/flysystem-aws-s3-v3": "Required to use the Flysystem S3 driver (~1.0).",
                "league/flysystem-rackspace": "Required to use the Flysystem Rackspace driver (~1.0)."
            },
            "type": "library",
            "extra": {
                "branch-alias": {
                    "dev-master": "5.3-dev"
                }
            },
            "autoload": {
                "psr-4": {
                    "Illuminate\\Filesystem\\": ""
                }
            },
            "notification-url": "https://packagist.org/downloads/",
            "license": [
                "MIT"
            ],
            "authors": [
                {
                    "name": "Taylor Otwell",
                    "email": "taylor@laravel.com"
                }
            ],
            "description": "The Illuminate Filesystem package.",
            "homepage": "https://laravel.com",
            "time": "2016-08-22 03:02:14"
        },
        {
            "name": "illuminate/support",
            "version": "5.3.x-dev",
            "source": {
                "type": "git",
                "url": "https://github.com/illuminate/support.git",
                "reference": "1b4f32dfa799dd8d0e0d11e0aaaf677e2829d6e8"
            },
            "dist": {
                "type": "zip",
                "url": "https://api.github.com/repos/illuminate/support/zipball/1b4f32dfa799dd8d0e0d11e0aaaf677e2829d6e8",
                "reference": "1b4f32dfa799dd8d0e0d11e0aaaf677e2829d6e8",
                "shasum": ""
            },
            "require": {
                "doctrine/inflector": "~1.0",
                "ext-mbstring": "*",
                "illuminate/contracts": "5.3.*",
                "paragonie/random_compat": "~1.4|~2.0",
                "php": ">=5.6.4"
            },
            "replace": {
                "tightenco/collect": "self.version"
            },
            "suggest": {
                "illuminate/filesystem": "Required to use the composer class (5.2.*).",
                "symfony/process": "Required to use the composer class (3.1.*).",
                "symfony/var-dumper": "Required to use the dd function (3.1.*)."
            },
            "type": "library",
            "extra": {
                "branch-alias": {
                    "dev-master": "5.3-dev"
                }
            },
            "autoload": {
                "psr-4": {
                    "Illuminate\\Support\\": ""
                },
                "files": [
                    "helpers.php"
                ]
            },
            "notification-url": "https://packagist.org/downloads/",
            "license": [
                "MIT"
            ],
            "authors": [
                {
                    "name": "Taylor Otwell",
                    "email": "taylor@laravel.com"
                }
            ],
            "description": "The Illuminate Support package.",
            "homepage": "https://laravel.com",
            "time": "2016-08-26 17:26:49"
        },
        {
            "name": "illuminate/view",
            "version": "5.3.x-dev",
            "source": {
                "type": "git",
                "url": "https://github.com/illuminate/view.git",
                "reference": "65880863a765c3c39c1da8380c5ffad8ed004c3d"
            },
            "dist": {
                "type": "zip",
                "url": "https://api.github.com/repos/illuminate/view/zipball/65880863a765c3c39c1da8380c5ffad8ed004c3d",
                "reference": "65880863a765c3c39c1da8380c5ffad8ed004c3d",
                "shasum": ""
            },
            "require": {
                "illuminate/container": "5.3.*",
                "illuminate/contracts": "5.3.*",
                "illuminate/events": "5.3.*",
                "illuminate/filesystem": "5.3.*",
                "illuminate/support": "5.3.*",
                "php": ">=5.6.4",
                "symfony/debug": "3.1.*"
            },
            "type": "library",
            "extra": {
                "branch-alias": {
                    "dev-master": "5.3-dev"
                }
            },
            "autoload": {
                "psr-4": {
                    "Illuminate\\View\\": ""
                }
            },
            "notification-url": "https://packagist.org/downloads/",
            "license": [
                "MIT"
            ],
            "authors": [
                {
                    "name": "Taylor Otwell",
                    "email": "taylor@laravel.com"
                }
            ],
            "description": "The Illuminate View package.",
            "homepage": "https://laravel.com",
            "time": "2016-08-28 17:13:03"
        },
        {
            "name": "lavary/laravel-menu",
            "version": "1.6.1",
            "source": {
                "type": "git",
                "url": "https://github.com/lavary/laravel-menu.git",
                "reference": "9a089f83333af3d906c3eb20ce20a4b291f8ad08"
            },
            "dist": {
                "type": "zip",
                "url": "https://api.github.com/repos/lavary/laravel-menu/zipball/9a089f83333af3d906c3eb20ce20a4b291f8ad08",
                "reference": "9a089f83333af3d906c3eb20ce20a4b291f8ad08",
                "shasum": ""
            },
            "require": {
                "illuminate/support": ">=5.0",
                "illuminate/view": ">=5.0",
                "php": ">=5.3.0"
            },
            "type": "library",
            "autoload": {
                "psr-0": {
                    "Lavary\\Menu\\": "src/"
                }
            },
            "notification-url": "https://packagist.org/downloads/",
            "license": [
                "MIT"
            ],
            "authors": [
                {
                    "name": "Lavary",
                    "email": "mrl.8081@gmail.com"
                }
            ],
            "description": "A quick way to create menus in Laravel 5",
            "homepage": "https://github.com/lavary/laravel-menu",
            "keywords": [
                "laravel"
            ],
            "time": "2016-02-10 08:07:47"
        },
        {
            "name": "nesbot/carbon",
            "version": "dev-master",
            "source": {
                "type": "git",
                "url": "https://github.com/briannesbitt/Carbon.git",
                "reference": "7a026991092624a245d300685ce09ff5b4d110e0"
            },
            "dist": {
                "type": "zip",
                "url": "https://api.github.com/repos/briannesbitt/Carbon/zipball/7a026991092624a245d300685ce09ff5b4d110e0",
                "reference": "7a026991092624a245d300685ce09ff5b4d110e0",
                "shasum": ""
            },
            "require": {
                "php": ">=5.3.0",
                "symfony/translation": "~2.6|~3.0"
            },
            "require-dev": {
                "friendsofphp/php-cs-fixer": "~1.11",
                "phpunit/phpunit": "~4.0|~5.0"
            },
            "type": "library",
            "extra": {
                "branch-alias": {
                    "dev-master": "1.22-dev"
                }
            },
            "autoload": {
                "psr-4": {
                    "Carbon\\": "src/Carbon/"
                }
            },
            "notification-url": "https://packagist.org/downloads/",
            "license": [
                "MIT"
            ],
            "authors": [
                {
                    "name": "Brian Nesbitt",
                    "email": "brian@nesbot.com",
                    "homepage": "http://nesbot.com"
                }
            ],
            "description": "A simple API extension for DateTime.",
            "homepage": "http://carbon.nesbot.com",
            "keywords": [
                "date",
                "datetime",
                "time"
            ],
            "time": "2016-07-22 14:20:35"
        },
        {
            "name": "paragonie/random_compat",
            "version": "v2.0.2",
            "source": {
                "type": "git",
                "url": "https://github.com/paragonie/random_compat.git",
                "reference": "088c04e2f261c33bed6ca5245491cfca69195ccf"
            },
            "dist": {
                "type": "zip",
                "url": "https://api.github.com/repos/paragonie/random_compat/zipball/088c04e2f261c33bed6ca5245491cfca69195ccf",
                "reference": "088c04e2f261c33bed6ca5245491cfca69195ccf",
                "shasum": ""
            },
            "require": {
                "php": ">=5.2.0"
            },
            "require-dev": {
                "phpunit/phpunit": "4.*|5.*"
            },
            "suggest": {
                "ext-libsodium": "Provides a modern crypto API that can be used to generate random bytes."
            },
            "type": "library",
            "autoload": {
                "files": [
                    "lib/random.php"
                ]
            },
            "notification-url": "https://packagist.org/downloads/",
            "license": [
                "MIT"
            ],
            "authors": [
                {
                    "name": "Paragon Initiative Enterprises",
                    "email": "security@paragonie.com",
                    "homepage": "https://paragonie.com"
                }
            ],
            "description": "PHP 5.x polyfill for random_bytes() and random_int() from PHP 7",
            "keywords": [
                "csprng",
                "pseudorandom",
                "random"
            ],
            "time": "2016-04-03 06:00:07"
        },
        {
            "name": "psr/log",
            "version": "dev-master",
            "source": {
                "type": "git",
                "url": "https://github.com/php-fig/log.git",
                "reference": "d8e60a5619fff77f9669da8997697443ef1a1d7e"
            },
            "dist": {
                "type": "zip",
                "url": "https://api.github.com/repos/php-fig/log/zipball/d8e60a5619fff77f9669da8997697443ef1a1d7e",
                "reference": "d8e60a5619fff77f9669da8997697443ef1a1d7e",
                "shasum": ""
            },
            "require": {
                "php": ">=5.3.0"
            },
            "type": "library",
            "extra": {
                "branch-alias": {
                    "dev-master": "1.0.x-dev"
                }
            },
            "autoload": {
                "psr-4": {
                    "Psr\\Log\\": "Psr/Log/"
                }
            },
            "notification-url": "https://packagist.org/downloads/",
            "license": [
                "MIT"
            ],
            "authors": [
                {
                    "name": "PHP-FIG",
                    "homepage": "http://www.php-fig.org/"
                }
            ],
            "description": "Common interface for logging libraries",
            "homepage": "https://github.com/php-fig/log",
            "keywords": [
                "log",
                "psr",
                "psr-3"
            ],
            "time": "2016-01-06 21:40:42"
        },
        {
            "name": "symfony/debug",
            "version": "3.1.x-dev",
            "source": {
                "type": "git",
                "url": "https://github.com/symfony/debug.git",
                "reference": "34f6ac18c2974ca5fce68adf419ee7d15def6f11"
            },
            "dist": {
                "type": "zip",
                "url": "https://api.github.com/repos/symfony/debug/zipball/34f6ac18c2974ca5fce68adf419ee7d15def6f11",
                "reference": "34f6ac18c2974ca5fce68adf419ee7d15def6f11",
                "shasum": ""
            },
            "require": {
                "php": ">=5.5.9",
                "psr/log": "~1.0"
            },
            "conflict": {
                "symfony/http-kernel": ">=2.3,<2.3.24|~2.4.0|>=2.5,<2.5.9|>=2.6,<2.6.2"
            },
            "require-dev": {
                "symfony/class-loader": "~2.8|~3.0",
                "symfony/http-kernel": "~2.8|~3.0"
            },
            "type": "library",
            "extra": {
                "branch-alias": {
                    "dev-master": "3.1-dev"
                }
            },
            "autoload": {
                "psr-4": {
                    "Symfony\\Component\\Debug\\": ""
                },
                "exclude-from-classmap": [
                    "/Tests/"
                ]
            },
            "notification-url": "https://packagist.org/downloads/",
            "license": [
                "MIT"
            ],
            "authors": [
                {
                    "name": "Fabien Potencier",
                    "email": "fabien@symfony.com"
                },
                {
                    "name": "Symfony Community",
                    "homepage": "https://symfony.com/contributors"
                }
            ],
            "description": "Symfony Debug Component",
            "homepage": "https://symfony.com",
            "time": "2016-08-23 13:39:15"
        },
        {
            "name": "symfony/finder",
            "version": "3.1.x-dev",
            "source": {
                "type": "git",
                "url": "https://github.com/symfony/finder.git",
                "reference": "e568ef1784f447a0e54dcb6f6de30b9747b0f577"
            },
            "dist": {
                "type": "zip",
                "url": "https://api.github.com/repos/symfony/finder/zipball/e568ef1784f447a0e54dcb6f6de30b9747b0f577",
                "reference": "e568ef1784f447a0e54dcb6f6de30b9747b0f577",
                "shasum": ""
            },
            "require": {
                "php": ">=5.5.9"
            },
            "type": "library",
            "extra": {
                "branch-alias": {
                    "dev-master": "3.1-dev"
                }
            },
            "autoload": {
                "psr-4": {
                    "Symfony\\Component\\Finder\\": ""
                },
                "exclude-from-classmap": [
                    "/Tests/"
                ]
            },
            "notification-url": "https://packagist.org/downloads/",
            "license": [
                "MIT"
            ],
            "authors": [
                {
                    "name": "Fabien Potencier",
                    "email": "fabien@symfony.com"
                },
                {
                    "name": "Symfony Community",
                    "homepage": "https://symfony.com/contributors"
                }
            ],
            "description": "Symfony Finder Component",
            "homepage": "https://symfony.com",
            "time": "2016-08-26 12:04:02"
        },
        {
            "name": "symfony/polyfill-mbstring",
            "version": "dev-master",
            "source": {
                "type": "git",
                "url": "https://github.com/symfony/polyfill-mbstring.git",
                "reference": "988cbed31ec9493057bcfc545b13447521849702"
            },
            "dist": {
                "type": "zip",
                "url": "https://api.github.com/repos/symfony/polyfill-mbstring/zipball/988cbed31ec9493057bcfc545b13447521849702",
                "reference": "988cbed31ec9493057bcfc545b13447521849702",
                "shasum": ""
            },
            "require": {
                "php": ">=5.3.3"
            },
            "suggest": {
                "ext-mbstring": "For best performance"
            },
            "type": "library",
            "extra": {
                "branch-alias": {
                    "dev-master": "1.2-dev"
                }
            },
            "autoload": {
                "psr-4": {
                    "Symfony\\Polyfill\\Mbstring\\": ""
                },
                "files": [
                    "bootstrap.php"
                ]
            },
            "notification-url": "https://packagist.org/downloads/",
            "license": [
                "MIT"
            ],
            "authors": [
                {
                    "name": "Nicolas Grekas",
                    "email": "p@tchwork.com"
                },
                {
                    "name": "Symfony Community",
                    "homepage": "https://symfony.com/contributors"
                }
            ],
            "description": "Symfony polyfill for the Mbstring extension",
            "homepage": "https://symfony.com",
            "keywords": [
                "compatibility",
                "mbstring",
                "polyfill",
                "portable",
                "shim"
            ],
            "time": "2016-08-17 08:39:54"
        },
        {
            "name": "symfony/translation",
            "version": "dev-master",
            "source": {
                "type": "git",
                "url": "https://github.com/symfony/translation.git",
                "reference": "b11cc1b91323f78f67e7f4d08bb639e3c24169e0"
            },
            "dist": {
                "type": "zip",
                "url": "https://api.github.com/repos/symfony/translation/zipball/b11cc1b91323f78f67e7f4d08bb639e3c24169e0",
                "reference": "b11cc1b91323f78f67e7f4d08bb639e3c24169e0",
                "shasum": ""
            },
            "require": {
                "php": ">=5.5.9",
                "symfony/polyfill-mbstring": "~1.0"
            },
            "conflict": {
                "symfony/config": "<2.8"
            },
            "require-dev": {
                "psr/log": "~1.0",
                "symfony/config": "~2.8|~3.0",
                "symfony/intl": "~2.8|~3.0",
                "symfony/yaml": "~2.8|~3.0"
            },
            "suggest": {
                "psr/log": "To use logging capability in translator",
                "symfony/config": "",
                "symfony/yaml": ""
            },
            "type": "library",
            "extra": {
                "branch-alias": {
                    "dev-master": "3.2-dev"
                }
            },
            "autoload": {
                "psr-4": {
                    "Symfony\\Component\\Translation\\": ""
                },
                "exclude-from-classmap": [
                    "/Tests/"
                ]
            },
            "notification-url": "https://packagist.org/downloads/",
            "license": [
                "MIT"
            ],
            "authors": [
                {
                    "name": "Fabien Potencier",
                    "email": "fabien@symfony.com"
                },
                {
                    "name": "Symfony Community",
                    "homepage": "https://symfony.com/contributors"
                }
            ],
            "description": "Symfony Translation Component",
            "homepage": "https://symfony.com",
            "time": "2016-07-30 07:26:43"
        }
    ],
    "packages-dev": [],
    "aliases": [],
    "minimum-stability": "dev",
    "stability-flags": [],
    "prefer-stable": false,
    "prefer-lowest": false,
    "platform": [],
    "platform-dev": []
}
